{
    "version": 3,
    "terraform_version": "0.8.1",
    "serial": 5,
    "lineage": "7e6cd88c-32eb-4a8d-abbf-c4af43edc4d7",
    "modules": [
        {
            "path": [
                "root"
            ],
            "outputs": {},
            "resources": {
                "openstack_blockstorage_volume_v2.volume_1": {
                    "type": "openstack_blockstorage_volume_v2",
                    "depends_on": [],
                    "primary": {
                        "id": "75b069b6-a25e-41b7-9d1a-c059f12c7620",
                        "attributes": {
                            "attachment.#": "0",
                            "availability_zone": "nova",
                            "description": "",
                            "id": "75b069b6-a25e-41b7-9d1a-c059f12c7620",
                            "image_id": "860338bb-fc63-4124-8973-4f238fa379df",
                            "metadata.%": "0",
                            "name": "",
                            "region": "RegionOne",
                            "size": "50",
                            "snapshot_id": "",
                            "source_vol_id": "",
                            "volume_type": "iscsi"
                        },
                        "meta": {},
                        "tainted": false
                    },
                    "deposed": [],
                    "provider": ""
                },
                "openstack_compute_instance_v2.terraform": {
                    "type": "openstack_compute_instance_v2",
                    "depends_on": [
                        "openstack_blockstorage_volume_v2.volume_1"
                    ],
                    "primary": {
                        "id": "1402322c-9945-4990-a487-211abbbba39e",
                        "attributes": {
                            "access_ip_v4": "192.168.3.101",
                            "access_ip_v6": "",
                            "block_device.#": "1",
                            "block_device.0.boot_index": "0",
                            "block_device.0.delete_on_termination": "true",
                            "block_device.0.destination_type": "volume",
                            "block_device.0.guest_format": "",
                            "block_device.0.source_type": "volume",
                            "block_device.0.uuid": "75b069b6-a25e-41b7-9d1a-c059f12c7620",
                            "block_device.0.volume_size": "0",
                            "flavor_id": "b6e54e74-0431-4939-8053-4e1e8df1202f",
                            "flavor_name": "m1.large",
                            "floating_ip": "192.168.3.101",
                            "id": "1402322c-9945-4990-a487-211abbbba39e",
                            "image_id": "Attempt to boot from volume - no image supplied",
                            "image_name": "Ubuntu16",
                            "key_pair": "infra-icasei",
                            "metadata.%": "0",
                            "name": "terraform",
                            "network.#": "1",
                            "network.0.access_network": "false",
                            "network.0.fixed_ip_v4": "10.0.0.13",
                            "network.0.fixed_ip_v6": "",
                            "network.0.floating_ip": "192.168.3.101",
                            "network.0.mac": "fa:16:3e:75:c0:50",
                            "network.0.name": "interna1",
                            "network.0.port": "",
                            "network.0.uuid": "db4d047e-2ae2-4bf7-8323-668de66275b3",
                            "region": "RegionOne",
                            "security_groups.#": "1",
                            "security_groups.2309189947": "my_secgroup",
                            "stop_before_destroy": "false",
                            "volume.#": "0"
                        },
                        "meta": {},
                        "tainted": false
                    },
                    "deposed": [],
                    "provider": ""
                },
                "openstack_compute_secgroup_v2.secgroup_1": {
                    "type": "openstack_compute_secgroup_v2",
                    "depends_on": [],
                    "primary": {
                        "id": "575a5892-b55b-479f-9c4d-6cdaefafcd8e",
                        "attributes": {
                            "description": "my security group",
                            "id": "575a5892-b55b-479f-9c4d-6cdaefafcd8e",
                            "name": "my_secgroup",
                            "region": "RegionOne",
                            "rule.#": "2",
                            "rule.3719211069.cidr": "0.0.0.0/0",
                            "rule.3719211069.from_group_id": "",
                            "rule.3719211069.from_port": "80",
                            "rule.3719211069.id": "5984bd48-6e60-46a8-85d7-ee103794f4fc",
                            "rule.3719211069.ip_protocol": "tcp",
                            "rule.3719211069.self": "false",
                            "rule.3719211069.to_port": "80",
                            "rule.836640770.cidr": "0.0.0.0/0",
                            "rule.836640770.from_group_id": "",
                            "rule.836640770.from_port": "22",
                            "rule.836640770.id": "d6d49ba3-5d48-47ec-87e1-11bc7c0fc44f",
                            "rule.836640770.ip_protocol": "tcp",
                            "rule.836640770.self": "false",
                            "rule.836640770.to_port": "22"
                        },
                        "meta": {},
                        "tainted": false
                    },
                    "deposed": [],
                    "provider": ""
                }
            },
            "depends_on": []
        }
    ]
}
